// !$*UTF8*$!
{
	archiveVersion = 1;
	classes = {
	};
	objectVersion = 56;
	objects = {

/* Begin PBXBuildFile section */
		B1000001 /* TimeTrackerMacApp.swift in Sources */ = {isa = PBXBuildFile; fileRef = F1000001 /* TimeTrackerMacApp.swift */; };
		B1000002 /* ActivityEvent.swift in Sources */ = {isa = PBXBuildFile; fileRef = F1000002 /* ActivityEvent.swift */; };
		B1000003 /* FocusInterval.swift in Sources */ = {isa = PBXBuildFile; fileRef = F1000003 /* FocusInterval.swift */; };
		B1000004 /* EventBuilder.swift in Sources */ = {isa = PBXBuildFile; fileRef = F1000004 /* EventBuilder.swift */; };
		B1000005 /* AppFocusTracker.swift in Sources */ = {isa = PBXBuildFile; fileRef = F1000005 /* AppFocusTracker.swift */; };
		B1000006 /* KeychainStore.swift in Sources */ = {isa = PBXBuildFile; fileRef = F1000006 /* KeychainStore.swift */; };
		B1000007 /* LoginView.swift in Sources */ = {isa = PBXBuildFile; fileRef = F1000007 /* LoginView.swift */; };
		B1000008 /* APIClient.swift in Sources */ = {isa = PBXBuildFile; fileRef = F1000008 /* APIClient.swift */; };
		B1000009 /* EventQueue.swift in Sources */ = {isa = PBXBuildFile; fileRef = F1000009 /* EventQueue.swift */; };
		B1000010 /* AppState.swift in Sources */ = {isa = PBXBuildFile; fileRef = F1000010 /* AppState.swift */; };
		B1000011 /* MenuBarView.swift in Sources */ = {isa = PBXBuildFile; fileRef = F1000011 /* MenuBarView.swift */; };
		B1000012 /* Assets.xcassets in Resources */ = {isa = PBXBuildFile; fileRef = F1000012 /* Assets.xcassets */; };
		B1000013 /* EventBuilderTests.swift in Sources */ = {isa = PBXBuildFile; fileRef = F1000013 /* EventBuilderTests.swift */; };
		B1000014 /* BrowserFilter.swift in Sources */ = {isa = PBXBuildFile; fileRef = F1000014 /* BrowserFilter.swift */; };
		B1000015 /* SystemAppFilter.swift in Sources */ = {isa = PBXBuildFile; fileRef = F1000016 /* SystemAppFilter.swift */; };
/* End PBXBuildFile section */

/* Begin PBXContainerItemProxy section */
		X9000001 /* PBXContainerItemProxy */ = {
			isa = PBXContainerItemProxy;
			containerPortal = P1000001 /* Project object */;
			proxyType = 1;
			remoteGlobalIDString = T1000001;
			remoteInfo = TimeTrackerMac;
		};
/* End PBXContainerItemProxy section */

/* Begin PBXFileReference section */
		F1000001 /* TimeTrackerMacApp.swift */ = {isa = PBXFileReference; lastKnownFileType = sourcecode.swift; path = TimeTrackerMacApp.swift; sourceTree = "<group>"; };
		F1000002 /* ActivityEvent.swift */ = {isa = PBXFileReference; lastKnownFileType = sourcecode.swift; path = ActivityEvent.swift; sourceTree = "<group>"; };
		F1000003 /* FocusInterval.swift */ = {isa = PBXFileReference; lastKnownFileType = sourcecode.swift; path = FocusInterval.swift; sourceTree = "<group>"; };
		F1000004 /* EventBuilder.swift */ = {isa = PBXFileReference; lastKnownFileType = sourcecode.swift; path = EventBuilder.swift; sourceTree = "<group>"; };
		F1000005 /* AppFocusTracker.swift */ = {isa = PBXFileReference; lastKnownFileType = sourcecode.swift; path = AppFocusTracker.swift; sourceTree = "<group>"; };
		F1000006 /* KeychainStore.swift */ = {isa = PBXFileReference; lastKnownFileType = sourcecode.swift; path = KeychainStore.swift; sourceTree = "<group>"; };
		F1000007 /* LoginView.swift */ = {isa = PBXFileReference; lastKnownFileType = sourcecode.swift; path = LoginView.swift; sourceTree = "<group>"; };
		F1000008 /* APIClient.swift */ = {isa = PBXFileReference; lastKnownFileType = sourcecode.swift; path = APIClient.swift; sourceTree = "<group>"; };
		F1000009 /* EventQueue.swift */ = {isa = PBXFileReference; lastKnownFileType = sourcecode.swift; path = EventQueue.swift; sourceTree = "<group>"; };
		F1000010 /* AppState.swift */ = {isa = PBXFileReference; lastKnownFileType = sourcecode.swift; path = AppState.swift; sourceTree = "<group>"; };
		F1000011 /* MenuBarView.swift */ = {isa = PBXFileReference; lastKnownFileType = sourcecode.swift; path = MenuBarView.swift; sourceTree = "<group>"; };
		F1000012 /* Assets.xcassets */ = {isa = PBXFileReference; lastKnownFileType = folder.assetcatalog; path = Assets.xcassets; sourceTree = "<group>"; };
		F1000013 /* EventBuilderTests.swift */ = {isa = PBXFileReference; lastKnownFileType = sourcecode.swift; path = EventBuilderTests.swift; sourceTree = "<group>"; };
		F1000014 /* BrowserFilter.swift */ = {isa = PBXFileReference; lastKnownFileType = sourcecode.swift; path = BrowserFilter.swift; sourceTree = "<group>"; };
		F1000016 /* SystemAppFilter.swift */ = {isa = PBXFileReference; lastKnownFileType = sourcecode.swift; path = SystemAppFilter.swift; sourceTree = "<group>"; };
		F1000015 /* Info.plist */ = {isa = PBXFileReference; lastKnownFileType = text.plist.xml; path = Info.plist; sourceTree = "<group>"; };
		PROD0001 /* TimeTrackerMac.app */ = {isa = PBXFileReference; explicitFileType = wrapper.application; includeInIndex = 0; path = TimeTrackerMac.app; sourceTree = BUILT_PRODUCTS_DIR; };
		PROD0002 /* TimeTrackerMacTests.xctest */ = {isa = PBXFileReference; explicitFileType = wrapper.cfbundle; includeInIndex = 0; path = TimeTrackerMacTests.xctest; sourceTree = BUILT_PRODUCTS_DIR; };
/* End PBXFileReference section */

/* Begin PBXFrameworksBuildPhase section */
		FW000001 /* Frameworks */ = {
			isa = PBXFrameworksBuildPhase;
			buildActionMask = 2147483647;
			files = (
			);
			runOnlyForDeploymentPostprocessing = 0;
		};
		FW000002 /* Frameworks */ = {
			isa = PBXFrameworksBuildPhase;
			buildActionMask = 2147483647;
			files = (
			);
			runOnlyForDeploymentPostprocessing = 0;
		};
/* End PBXFrameworksBuildPhase section */

/* Begin PBXGroup section */
		G1000001 = {
			isa = PBXGroup;
			children = (
				G1000002 /* TimeTrackerMac */,
				G1000003 /* TimeTrackerMacTests */,
				G1000004 /* Products */,
			);
			sourceTree = "<group>";
		};
		G1000002 /* TimeTrackerMac */ = {
			isa = PBXGroup;
			children = (
				F1000001 /* TimeTrackerMacApp.swift */,
				G1000005 /* App */,
				G1000006 /* Auth */,
				G1000007 /* Models */,
				G1000008 /* Network */,
				G1000009 /* Tracking */,
				F1000012 /* Assets.xcassets */,
				F1000015 /* Info.plist */,
			);
			path = TimeTrackerMac;
			sourceTree = "<group>";
		};
		G1000003 /* TimeTrackerMacTests */ = {
			isa = PBXGroup;
			children = (
				F1000013 /* EventBuilderTests.swift */,
			);
			path = TimeTrackerMacTests;
			sourceTree = "<group>";
		};
		G1000004 /* Products */ = {
			isa = PBXGroup;
			children = (
				PROD0001 /* TimeTrackerMac.app */,
				PROD0002 /* TimeTrackerMacTests.xctest */,
			);
			name = Products;
			sourceTree = "<group>";
		};
		G1000005 /* App */ = {
			isa = PBXGroup;
			children = (
				F1000010 /* AppState.swift */,
				F1000011 /* MenuBarView.swift */,
			);
			path = App;
			sourceTree = "<group>";
		};
		G1000006 /* Auth */ = {
			isa = PBXGroup;
			children = (
				F1000006 /* KeychainStore.swift */,
				F1000007 /* LoginView.swift */,
			);
			path = Auth;
			sourceTree = "<group>";
		};
		G1000007 /* Models */ = {
			isa = PBXGroup;
			children = (
				F1000002 /* ActivityEvent.swift */,
			);
			path = Models;
			sourceTree = "<group>";
		};
		G1000008 /* Network */ = {
			isa = PBXGroup;
			children = (
				F1000008 /* APIClient.swift */,
				F1000009 /* EventQueue.swift */,
			);
			path = Network;
			sourceTree = "<group>";
		};
		G1000009 /* Tracking */ = {
			isa = PBXGroup;
			children = (
				F1000005 /* AppFocusTracker.swift */,
				F1000014 /* BrowserFilter.swift */,
				F1000016 /* SystemAppFilter.swift */,
				F1000004 /* EventBuilder.swift */,
				F1000003 /* FocusInterval.swift */,
			);
			path = Tracking;
			sourceTree = "<group>";
		};
/* End PBXGroup section */

/* Begin PBXNativeTarget section */
		T1000001 /* TimeTrackerMac */ = {
			isa = PBXNativeTarget;
			buildConfigurationList = C1000002 /* Build configuration list for PBXNativeTarget "TimeTrackerMac" */;
			buildPhases = (
				S1000001 /* Sources */,
				FW000001 /* Frameworks */,
				R1000001 /* Resources */,
			);
			buildRules = (
			);
			dependencies = (
			);
			name = TimeTrackerMac;
			productName = TimeTrackerMac;
			productReference = PROD0001 /* TimeTrackerMac.app */;
			productType = "com.apple.product-type.application";
		};
		T1000002 /* TimeTrackerMacTests */ = {
			isa = PBXNativeTarget;
			buildConfigurationList = C1000003 /* Build configuration list for PBXNativeTarget "TimeTrackerMacTests" */;
			buildPhases = (
				S1000002 /* Sources */,
				FW000002 /* Frameworks */,
				R1000002 /* Resources */,
			);
			buildRules = (
			);
			dependencies = (
				D1000001 /* PBXTargetDependency */,
			);
			name = TimeTrackerMacTests;
			productName = TimeTrackerMacTests;
			productReference = PROD0002 /* TimeTrackerMacTests.xctest */;
			productType = "com.apple.product-type.bundle.unit-test";
		};
/* End PBXNativeTarget section */

/* Begin PBXProject section */
		P1000001 /* Project object */ = {
			isa = PBXProject;
			attributes = {
				BuildIndependentTargetsInParallel = 1;
				LastSwiftUpdateCheck = 1500;
				LastUpgradeCheck = 2650;
				TargetAttributes = {
					T1000001 = {
						CreatedOnToolsVersion = 15.0;
					};
					T1000002 = {
						CreatedOnToolsVersion = 15.0;
						TestTargetID = T1000001;
					};
				};
			};
			buildConfigurationList = C1000001 /* Build configuration list for PBXProject "TimeTrackerMac" */;
			compatibilityVersion = "Xcode 14.0";
			developmentRegion = en;
			hasScannedForEncodings = 0;
			knownRegions = (
				en,
				Base,
			);
			mainGroup = G1000001;
			productRefGroup = G1000004 /* Products */;
			projectDirPath = "";
			projectRoot = "";
			targets = (
				T1000001 /* TimeTrackerMac */,
				T1000002 /* TimeTrackerMacTests */,
			);
		};
/* End PBXProject section */

/* Begin PBXResourcesBuildPhase section */
		R1000001 /* Resources */ = {
			isa = PBXResourcesBuildPhase;
			buildActionMask = 2147483647;
			files = (
				B1000012 /* Assets.xcassets in Resources */,
			);
			runOnlyForDeploymentPostprocessing = 0;
		};
		R1000002 /* Resources */ = {
			isa = PBXResourcesBuildPhase;
			buildActionMask = 2147483647;
			files = (
			);
			runOnlyForDeploymentPostprocessing = 0;
		};
/* End PBXResourcesBuildPhase section */

/* Begin PBXSourcesBuildPhase section */
		S1000001 /* Sources */ = {
			isa = PBXSourcesBuildPhase;
			buildActionMask = 2147483647;
			files = (
				B1000001 /* TimeTrackerMacApp.swift in Sources */,
				B1000002 /* ActivityEvent.swift in Sources */,
				B1000003 /* FocusInterval.swift in Sources */,
				B1000004 /* EventBuilder.swift in Sources */,
				B1000005 /* AppFocusTracker.swift in Sources */,
				B1000014 /* BrowserFilter.swift in Sources */,
				B1000015 /* SystemAppFilter.swift in Sources */,
				B1000006 /* KeychainStore.swift in Sources */,
				B1000007 /* LoginView.swift in Sources */,
				B1000008 /* APIClient.swift in Sources */,
				B1000009 /* EventQueue.swift in Sources */,
				B1000010 /* AppState.swift in Sources */,
				B1000011 /* MenuBarView.swift in Sources */,
			);
			runOnlyForDeploymentPostprocessing = 0;
		};
		S1000002 /* Sources */ = {
			isa = PBXSourcesBuildPhase;
			buildActionMask = 2147483647;
			files = (
				B1000013 /* EventBuilderTests.swift in Sources */,
			);
			runOnlyForDeploymentPostprocessing = 0;
		};
/* End PBXSourcesBuildPhase section */

/* Begin PBXTargetDependency section */
		D1000001 /* PBXTargetDependency */ = {
			isa = PBXTargetDependency;
			target = T1000001 /* TimeTrackerMac */;
			targetProxy = X9000001 /* PBXContainerItemProxy */;
		};
/* End PBXTargetDependency section */

/* Begin XCBuildConfiguration section */
		X1000001 /* Debug */ = {
			isa = XCBuildConfiguration;
			buildSettings = {
				ALWAYS_SEARCH_USER_PATHS = NO;
				CLANG_ENABLE_MODULES = YES;
				CLANG_WARN_BLOCK_CAPTURE_AUTORELEASING = YES;
				CLANG_WARN_BOOL_CONVERSION = YES;
				CLANG_WARN_COMMA = YES;
				CLANG_WARN_CONSTANT_CONVERSION = YES;
				CLANG_WARN_DEPRECATED_OBJC_IMPLEMENTATIONS = YES;
				CLANG_WARN_EMPTY_BODY = YES;
				CLANG_WARN_ENUM_CONVERSION = YES;
				CLANG_WARN_INFINITE_RECURSION = YES;
				CLANG_WARN_INT_CONVERSION = YES;
				CLANG_WARN_NON_LITERAL_NULL_CONVERSION = YES;
				CLANG_WARN_OBJC_IMPLICIT_RETAIN_SELF = YES;
				CLANG_WARN_OBJC_LITERAL_CONVERSION = YES;
				CLANG_WARN_QUOTED_INCLUDE_IN_FRAMEWORK_HEADER = YES;
				CLANG_WARN_RANGE_LOOP_ANALYSIS = YES;
				CLANG_WARN_STRICT_PROTOTYPES = YES;
				CLANG_WARN_SUSPICIOUS_MOVE = YES;
				CLANG_WARN_UNREACHABLE_CODE = YES;
				CLANG_WARN__DUPLICATE_METHOD_MATCH = YES;
				COPY_PHASE_STRIP = NO;
				DEAD_CODE_STRIPPING = YES;
				DEBUG_INFORMATION_FORMAT = dwarf;
				ENABLE_STRICT_OBJC_MSGSEND = YES;
				ENABLE_TESTABILITY = YES;
				ENABLE_USER_SCRIPT_SANDBOXING = YES;
				GCC_DYNAMIC_NO_PIC = NO;
				GCC_NO_COMMON_BLOCKS = YES;
				GCC_OPTIMIZATION_LEVEL = 0;
				GCC_WARN_64_TO_32_BIT_CONVERSION = YES;
				GCC_WARN_ABOUT_RETURN_TYPE = YES;
				GCC_WARN_UNDECLARED_SELECTOR = YES;
				GCC_WARN_UNINITIALIZED_AUTOS = YES;
				GCC_WARN_UNUSED_FUNCTION = YES;
				GCC_WARN_UNUSED_VARIABLE = YES;
				MACOSX_DEPLOYMENT_TARGET = 13.0;
				ONLY_ACTIVE_ARCH = YES;
				SDKROOT = macosx;
				STRING_CATALOG_GENERATE_SYMBOLS = YES;
				SWIFT_ACTIVE_COMPILATION_CONDITIONS = DEBUG;
				SWIFT_OPTIMIZATION_LEVEL = "-Onone";
			};
			name = Debug;
		};
		X1000002 /* Release */ = {
			isa = XCBuildConfiguration;
			buildSettings = {
				ALWAYS_SEARCH_USER_PATHS = NO;
				CLANG_ENABLE_MODULES = YES;
				CLANG_WARN_BLOCK_CAPTURE_AUTORELEASING = YES;
				CLANG_WARN_BOOL_CONVERSION = YES;
				CLANG_WARN_COMMA = YES;
				CLANG_WARN_CONSTANT_CONVERSION = YES;
				CLANG_WARN_DEPRECATED_OBJC_IMPLEMENTATIONS = YES;
				CLANG_WARN_EMPTY_BODY = YES;
				CLANG_WARN_ENUM_CONVERSION = YES;
				CLANG_WARN_INFINITE_RECURSION = YES;
				CLANG_WARN_INT_CONVERSION = YES;
				CLANG_WARN_NON_LITERAL_NULL_CONVERSION = YES;
				CLANG_WARN_OBJC_IMPLICIT_RETAIN_SELF = YES;
				CLANG_WARN_OBJC_LITERAL_CONVERSION = YES;
				CLANG_WARN_QUOTED_INCLUDE_IN_FRAMEWORK_HEADER = YES;
				CLANG_WARN_RANGE_LOOP_ANALYSIS = YES;
				CLANG_WARN_STRICT_PROTOTYPES = YES;
				CLANG_WARN_SUSPICIOUS_MOVE = YES;
				CLANG_WARN_UNREACHABLE_CODE = YES;
				CLANG_WARN__DUPLICATE_METHOD_MATCH = YES;
				COPY_PHASE_STRIP = NO;
				DEAD_CODE_STRIPPING = YES;
				DEBUG_INFORMATION_FORMAT = "dwarf-with-dsym";
				ENABLE_STRICT_OBJC_MSGSEND = YES;
				ENABLE_USER_SCRIPT_SANDBOXING = YES;
				GCC_NO_COMMON_BLOCKS = YES;
				GCC_WARN_64_TO_32_BIT_CONVERSION = YES;
				GCC_WARN_ABOUT_RETURN_TYPE = YES;
				GCC_WARN_UNDECLARED_SELECTOR = YES;
				GCC_WARN_UNINITIALIZED_AUTOS = YES;
				GCC_WARN_UNUSED_FUNCTION = YES;
				GCC_WARN_UNUSED_VARIABLE = YES;
				MACOSX_DEPLOYMENT_TARGET = 13.0;
				SDKROOT = macosx;
				STRING_CATALOG_GENERATE_SYMBOLS = YES;
				SWIFT_COMPILATION_MODE = wholemodule;
			};
			name = Release;
		};
		X1000003 /* Debug */ = {
			isa = XCBuildConfiguration;
			buildSettings = {
				ASSETCATALOG_COMPILER_APPICON_NAME = AppIcon;
				CLANG_ENABLE_OBJC_WEAK = YES;
				CODE_SIGN_STYLE = Automatic;
				COMBINE_HIDPI_IMAGES = YES;
				CURRENT_PROJECT_VERSION = 1;
				DEAD_CODE_STRIPPING = YES;
				DEVELOPMENT_TEAM = "";
				ENABLE_HARDENED_RUNTIME = YES;
				GENERATE_INFOPLIST_FILE = NO;
				INFOPLIST_FILE = TimeTrackerMac/Info.plist;
				LD_RUNPATH_SEARCH_PATHS = (
					"$(inherited)",
					"@executable_path/../Frameworks",
				);
				MARKETING_VERSION = 1.0;
				PRODUCT_BUNDLE_IDENTIFIER = com.timetracker.mac;
				PRODUCT_NAME = "$(TARGET_NAME)";
				SWIFT_EMIT_LOC_STRINGS = YES;
				SWIFT_VERSION = 5.0;
			};
			name = Debug;
		};
		X1000004 /* Release */ = {
			isa = XCBuildConfiguration;
			buildSettings = {
				ASSETCATALOG_COMPILER_APPICON_NAME = AppIcon;
				CLANG_ENABLE_OBJC_WEAK = YES;
				CODE_SIGN_STYLE = Automatic;
				COMBINE_HIDPI_IMAGES = YES;
				CURRENT_PROJECT_VERSION = 1;
				DEAD_CODE_STRIPPING = YES;
				DEVELOPMENT_TEAM = "";
				ENABLE_HARDENED_RUNTIME = YES;
				GENERATE_INFOPLIST_FILE = NO;
				INFOPLIST_FILE = TimeTrackerMac/Info.plist;
				LD_RUNPATH_SEARCH_PATHS = (
					"$(inherited)",
					"@executable_path/../Frameworks",
				);
				MARKETING_VERSION = 1.0;
				PRODUCT_BUNDLE_IDENTIFIER = com.timetracker.mac;
				PRODUCT_NAME = "$(TARGET_NAME)";
				SWIFT_EMIT_LOC_STRINGS = YES;
				SWIFT_VERSION = 5.0;
			};
			name = Release;
		};
		X1000005 /* Debug */ = {
			isa = XCBuildConfiguration;
			buildSettings = {
				BUNDLE_LOADER = "$(TEST_HOST)";
				CLANG_ENABLE_OBJC_WEAK = YES;
				CODE_SIGN_STYLE = Automatic;
				CURRENT_PROJECT_VERSION = 1;
				DEAD_CODE_STRIPPING = YES;
				GENERATE_INFOPLIST_FILE = YES;
				MARKETING_VERSION = 1.0;
				PRODUCT_BUNDLE_IDENTIFIER = com.timetracker.mac.tests;
				PRODUCT_NAME = "$(TARGET_NAME)";
				SWIFT_VERSION = 5.0;
				TEST_HOST = "$(BUILT_PRODUCTS_DIR)/TimeTrackerMac.app/Contents/MacOS/TimeTrackerMac";
			};
			name = Debug;
		};
		X1000006 /* Release */ = {
			isa = XCBuildConfiguration;
			buildSettings = {
				BUNDLE_LOADER = "$(TEST_HOST)";
				CLANG_ENABLE_OBJC_WEAK = YES;
				CODE_SIGN_STYLE = Automatic;
				CURRENT_PROJECT_VERSION = 1;
				DEAD_CODE_STRIPPING = YES;
				GENERATE_INFOPLIST_FILE = YES;
				MARKETING_VERSION = 1.0;
				PRODUCT_BUNDLE_IDENTIFIER = com.timetracker.mac.tests;
				PRODUCT_NAME = "$(TARGET_NAME)";
				SWIFT_VERSION = 5.0;
				TEST_HOST = "$(BUILT_PRODUCTS_DIR)/TimeTrackerMac.app/Contents/MacOS/TimeTrackerMac";
			};
			name = Release;
		};
/* End XCBuildConfiguration section */

/* Begin XCConfigurationList section */
		C1000001 /* Build configuration list for PBXProject "TimeTrackerMac" */ = {
			isa = XCConfigurationList;
			buildConfigurations = (
				X1000001 /* Debug */,
				X1000002 /* Release */,
			);
			defaultConfigurationIsVisible = 0;
			defaultConfigurationName = Release;
		};
		C1000002 /* Build configuration list for PBXNativeTarget "TimeTrackerMac" */ = {
			isa = XCConfigurationList;
			buildConfigurations = (
				X1000003 /* Debug */,
				X1000004 /* Release */,
			);
			defaultConfigurationIsVisible = 0;
			defaultConfigurationName = Release;
		};
		C1000003 /* Build configuration list for PBXNativeTarget "TimeTrackerMacTests" */ = {
			isa = XCConfigurationList;
			buildConfigurations = (
				X1000005 /* Debug */,
				X1000006 /* Release */,
			);
			defaultConfigurationIsVisible = 0;
			defaultConfigurationName = Release;
		};
/* End XCConfigurationList section */
	};
	rootObject = P1000001 /* Project object */;
}
